# This file is automatically @generated by Poetry 1.5.1 and should not be changed by hand.

[[package]]
name = "asgiref"
version = "3.7.2"
description = "ASGI specs, helper code, and adapters"
optional = false
python-versions = ">=3.7"
files = [
    {file = "asgiref-3.7.2-py3-none-any.whl", hash = "sha256:89b2ef2247e3b562a16eef663bc0e2e703ec6468e2fa8a5cd61cd449786d4f6e"},
    {file = "asgiref-3.7.2.tar.gz", hash = "sha256:9e0ce3aa93a819ba5b45120216b23878cf6e8525eb3848653452b4192b92afed"},
]

[package.extras]
tests = ["mypy (>=0.800)", "pytest", "pytest-asyncio"]

[[package]]
name = "django"
version = "4.2.8"
description = "A high-level Python web framework that encourages rapid development and clean, pragmatic design."
optional = false
python-versions = ">=3.8"
files = [
    {file = "Django-4.2.8-py3-none-any.whl", hash = "sha256:6cb5dcea9e3d12c47834d32156b8841f533a4493c688e2718cafd51aa430ba6d"},
    {file = "Django-4.2.8.tar.gz", hash = "sha256:d69d5e36cc5d9f4eb4872be36c622878afcdce94062716cf3e25bcedcb168b62"},
]

[package.dependencies]
asgiref = ">=3.6.0,<4"
sqlparse = ">=0.3.1"
tzdata = {version = "*", markers = "sys_platform == \"win32\""}

[package.extras]
argon2 = ["argon2-cffi (>=19.1.0)"]
bcrypt = ["bcrypt"]

[[package]]
name = "django-widget-tweaks"
version = "1.5.0"
description = "Tweak the form field rendering in templates, not in python-level form definitions."
optional = false
python-versions = ">=3.8"
files = [
    {file = "django-widget-tweaks-1.5.0.tar.gz", hash = "sha256:1c2180681ebb994e922c754804c7ffebbe1245014777ac47897a81f57cc629c7"},
    {file = "django_widget_tweaks-1.5.0-py3-none-any.whl", hash = "sha256:a41b7b2f05bd44d673d11ebd6c09a96f1d013ee98121cb98c384fe84e33b881e"},
]

[[package]]
name = "environs"
version = "9.5.0"
description = "simplified environment variable parsing"
optional = false
python-versions = ">=3.6"
files = [
    {file = "environs-9.5.0-py2.py3-none-any.whl", hash = "sha256:1e549569a3de49c05f856f40bce86979e7d5ffbbc4398e7f338574c220189124"},
    {file = "environs-9.5.0.tar.gz", hash = "sha256:a76307b36fbe856bdca7ee9161e6c466fd7fcffc297109a118c59b54e27e30c9"},
]

[package.dependencies]
marshmallow = ">=3.0.0"
python-dotenv = "*"

[package.extras]
dev = ["dj-database-url", "dj-email-url", "django-cache-url", "flake8 (==4.0.1)", "flake8-bugbear (==21.9.2)", "mypy (==0.910)", "pre-commit (>=2.4,<3.0)", "pytest", "tox"]
django = ["dj-database-url", "dj-email-url", "django-cache-url"]
lint = ["flake8 (==4.0.1)", "flake8-bugbear (==21.9.2)", "mypy (==0.910)", "pre-commit (>=2.4,<3.0)"]
tests = ["dj-database-url", "dj-email-url", "django-cache-url", "pytest"]

[[package]]
name = "gunicorn"
version = "21.2.0"
description = "WSGI HTTP Server for UNIX"
optional = false
python-versions = ">=3.5"
files = [
    {file = "gunicorn-21.2.0-py3-none-any.whl", hash = "sha256:3213aa5e8c24949e792bcacfc176fef362e7aac80b76c56f6b5122bf350722f0"},
    {file = "gunicorn-21.2.0.tar.gz", hash = "sha256:88ec8bff1d634f98e61b9f65bc4bf3cd918a90806c6f5c48bc5603849ec81033"},
]

[package.dependencies]
packaging = "*"

[package.extras]
eventlet = ["eventlet (>=0.24.1)"]
gevent = ["gevent (>=1.4.0)"]
setproctitle = ["setproctitle"]
tornado = ["tornado (>=0.2)"]

[[package]]
name = "marshmallow"
version = "3.20.1"
description = "A lightweight library for converting complex datatypes to and from native Python datatypes."
optional = false
python-versions = ">=3.8"
files = [
    {file = "marshmallow-3.20.1-py3-none-any.whl", hash = "sha256:684939db93e80ad3561392f47be0230743131560a41c5110684c16e21ade0a5c"},
    {file = "marshmallow-3.20.1.tar.gz", hash = "sha256:5d2371bbe42000f2b3fb5eaa065224df7d8f8597bc19a1bbfa5bfe7fba8da889"},
]

[package.dependencies]
packaging = ">=17.0"

[package.extras]
dev = ["flake8 (==6.0.0)", "flake8-bugbear (==23.7.10)", "mypy (==1.4.1)", "pre-commit (>=2.4,<4.0)", "pytest", "pytz", "simplejson", "tox"]
docs = ["alabaster (==0.7.13)", "autodocsumm (==0.2.11)", "sphinx (==7.0.1)", "sphinx-issues (==3.0.1)", "sphinx-version-warning (==1.1.2)"]
lint = ["flake8 (==6.0.0)", "flake8-bugbear (==23.7.10)", "mypy (==1.4.1)", "pre-commit (>=2.4,<4.0)"]
tests = ["pytest", "pytz", "simplejson"]

[[package]]
name = "packaging"
version = "23.1"
description = "Core utilities for Python packages"
optional = false
python-versions = ">=3.7"
files = [
    {file = "packaging-23.1-py3-none-any.whl", hash = "sha256:994793af429502c4ea2ebf6bf664629d07c1a9fe974af92966e4b8d2df7edc61"},
    {file = "packaging-23.1.tar.gz", hash = "sha256:a392980d2b6cffa644431898be54b0045151319d1e7ec34f0cfed48767dd334f"},
]

[[package]]
name = "psycopg2"
version = "2.9.7"
description = "psycopg2 - Python-PostgreSQL Database Adapter"
optional = false
python-versions = ">=3.6"
files = [
    {file = "psycopg2-2.9.7-cp310-cp310-win32.whl", hash = "sha256:1a6a2d609bce44f78af4556bea0c62a5e7f05c23e5ea9c599e07678995609084"},
    {file = "psycopg2-2.9.7-cp310-cp310-win_amd64.whl", hash = "sha256:b22ed9c66da2589a664e0f1ca2465c29b75aaab36fa209d4fb916025fb9119e5"},
    {file = "psycopg2-2.9.7-cp311-cp311-win32.whl", hash = "sha256:44d93a0109dfdf22fe399b419bcd7fa589d86895d3931b01fb321d74dadc68f1"},
    {file = "psycopg2-2.9.7-cp311-cp311-win_amd64.whl", hash = "sha256:91e81a8333a0037babfc9fe6d11e997a9d4dac0f38c43074886b0d9dead94fe9"},
    {file = "psycopg2-2.9.7-cp37-cp37m-win32.whl", hash = "sha256:d1210fcf99aae6f728812d1d2240afc1dc44b9e6cba526a06fb8134f969957c2"},
    {file = "psycopg2-2.9.7-cp37-cp37m-win_amd64.whl", hash = "sha256:e9b04cbef584310a1ac0f0d55bb623ca3244c87c51187645432e342de9ae81a8"},
    {file = "psycopg2-2.9.7-cp38-cp38-win32.whl", hash = "sha256:d5c5297e2fbc8068d4255f1e606bfc9291f06f91ec31b2a0d4c536210ac5c0a2"},
    {file = "psycopg2-2.9.7-cp38-cp38-win_amd64.whl", hash = "sha256:8275abf628c6dc7ec834ea63f6f3846bf33518907a2b9b693d41fd063767a866"},
    {file = "psycopg2-2.9.7-cp39-cp39-win32.whl", hash = "sha256:c7949770cafbd2f12cecc97dea410c514368908a103acf519f2a346134caa4d5"},
    {file = "psycopg2-2.9.7-cp39-cp39-win_amd64.whl", hash = "sha256:b6bd7d9d3a7a63faae6edf365f0ed0e9b0a1aaf1da3ca146e6b043fb3eb5d723"},
    {file = "psycopg2-2.9.7.tar.gz", hash = "sha256:f00cc35bd7119f1fed17b85bd1007855194dde2cbd8de01ab8ebb17487440ad8"},
]

[[package]]
name = "python-dotenv"
version = "1.0.0"
description = "Read key-value pairs from a .env file and set them as environment variables"
optional = false
python-versions = ">=3.8"
files = [
    {file = "python-dotenv-1.0.0.tar.gz", hash = "sha256:a8df96034aae6d2d50a4ebe8216326c61c3eb64836776504fcca410e5937a3ba"},
    {file = "python_dotenv-1.0.0-py3-none-any.whl", hash = "sha256:f5971a9226b701070a4bf2c38c89e5a3f0d64de8debda981d1db98583009122a"},
]

[package.extras]
cli = ["click (>=5.0)"]

[[package]]
name = "setuptools"
version = "68.1.2"
description = "Easily download, build, install, upgrade, and uninstall Python packages"
optional = false
python-versions = ">=3.8"
files = [
    {file = "setuptools-68.1.2-py3-none-any.whl", hash = "sha256:3d8083eed2d13afc9426f227b24fd1659489ec107c0e86cec2ffdde5c92e790b"},
    {file = "setuptools-68.1.2.tar.gz", hash = "sha256:3d4dfa6d95f1b101d695a6160a7626e15583af71a5f52176efa5d39a054d475d"},
]

[package.extras]
docs = ["furo", "jaraco.packaging (>=9.3)", "jaraco.tidelift (>=1.4)", "pygments-github-lexers (==0.0.5)", "rst.linker (>=1.9)", "sphinx (>=3.5,<=7.1.2)", "sphinx-favicon", "sphinx-hoverxref (<2)", "sphinx-inline-tabs", "sphinx-lint", "sphinx-notfound-page (==0.8.3)", "sphinx-reredirects", "sphinxcontrib-towncrier"]
testing = ["build[virtualenv]", "filelock (>=3.4.0)", "flake8-2020", "ini2toml[lite] (>=0.9)", "jaraco.develop (>=7.21)", "jaraco.envs (>=2.2)", "jaraco.path (>=3.2.0)", "pip (>=19.1)", "pytest (>=6)", "pytest-black (>=0.3.7)", "pytest-checkdocs (>=2.4)", "pytest-cov", "pytest-enabler (>=2.2)", "pytest-mypy (>=0.9.1)", "pytest-perf", "pytest-ruff", "pytest-timeout", "pytest-xdist", "tomli-w (>=1.0.0)", "virtualenv (>=13.0.0)", "wheel"]
testing-integration = ["build[virtualenv]", "filelock (>=3.4.0)", "jaraco.envs (>=2.2)", "jaraco.path (>=3.2.0)", "pytest", "pytest-enabler", "pytest-xdist", "tomli", "virtualenv (>=13.0.0)", "wheel"]

[[package]]
name = "sqlparse"
version = "0.4.4"
description = "A non-validating SQL parser."
optional = false
python-versions = ">=3.5"
files = [
    {file = "sqlparse-0.4.4-py3-none-any.whl", hash = "sha256:5430a4fe2ac7d0f93e66f1efc6e1338a41884b7ddf2a350cedd20ccc4d9d28f3"},
    {file = "sqlparse-0.4.4.tar.gz", hash = "sha256:d446183e84b8349fa3061f0fe7f06ca94ba65b426946ffebe6e3e8295332420c"},
]

[package.extras]
dev = ["build", "flake8"]
doc = ["sphinx"]
test = ["pytest", "pytest-cov"]

[[package]]
name = "tzdata"
version = "2023.3"
description = "Provider of IANA time zone data"
optional = false
python-versions = ">=2"
files = [
    {file = "tzdata-2023.3-py2.py3-none-any.whl", hash = "sha256:7e65763eef3120314099b6939b5546db7adce1e7d6f2e179e3df563c70511eda"},
    {file = "tzdata-2023.3.tar.gz", hash = "sha256:11ef1e08e54acb0d4f95bdb1be05da659673de4acbd21bf9c69e94cc5e907a3a"},
]

[[package]]
name = "whitenoise"
version = "6.5.0"
description = "Radically simplified static file serving for WSGI applications"
optional = false
python-versions = ">=3.7"
files = [
    {file = "whitenoise-6.5.0-py3-none-any.whl", hash = "sha256:16468e9ad2189f09f4a8c635a9031cc9bb2cdbc8e5e53365407acf99f7ade9ec"},
    {file = "whitenoise-6.5.0.tar.gz", hash = "sha256:15fe60546ac975b58e357ccaeb165a4ca2d0ab697e48450b8f0307ca368195a8"},
]

[package.extras]
brotli = ["Brotli"]

[metadata]
lock-version = "2.0"
python-versions = "^3.11"
content-hash = "2522825705fc67794e28ffb90dab1276ad03e8fb14797afa5acd8e4ddcd6a433"
